# This file is automatically @generated by Cargo.
# It is not intended for manual editing.
[[package]]
name = "boot_args"
version = "0.1.0"
dependencies = [
 "range_set",
 "serial",
]

[[package]]
name = "compiler_reqs"
version = "0.1.0"

[[package]]
name = "cpu"
version = "0.1.0"

[[package]]
name = "kernel"
version = "0.1.0"
dependencies = [
 "boot_args",
 "compiler_reqs",
 "cpu",
 "lock_cell",
 "page_tables",
 "range_set",
 "serial",
]

[[package]]
name = "lock_cell"
version = "0.1.0"

[[package]]
name = "page_tables"
version = "0.1.0"
dependencies = [
 "cpu",
]

[[package]]
name = "range_set"
version = "0.1.0"

[[package]]
name = "serial"
version = "0.1.0"
dependencies = [
 "cpu",
 "lock_cell",
]
