# This file is automatically @generated by Cargo.
# It is not intended for manual editing.
version = 3

[[package]]
name = "boot_args"
version = "0.1.0"
dependencies = [
 "page_tables",
 "range_set",
 "serial",
]

[[package]]
name = "compiler_reqs"
version = "0.1.0"

[[package]]
name = "cpu"
version = "0.1.0"

[[package]]
name = "elf_parser"
version = "0.1.0"

[[package]]
name = "enum_bitflags"
version = "0.1.0"

[[package]]
name = "exclusive_cell"
version = "0.1.0"

[[package]]
name = "ext2_parser"
version = "0.1.0"
dependencies = [
 "enum_bitflags",
]

[[package]]
name = "kernel"
version = "0.1.0"
dependencies = [
 "boot_args",
 "compiler_reqs",
 "cpu",
 "elf_parser",
 "exclusive_cell",
 "ext2_parser",
 "lock_cell",
 "page_tables",
 "producer_consumer",
 "range_set",
 "serial",
 "syscall_interface",
]

[[package]]
name = "lock_cell"
version = "0.1.0"
dependencies = [
 "cpu",
]

[[package]]
name = "page_tables"
version = "0.1.0"
dependencies = [
 "cpu",
]

[[package]]
name = "producer_consumer"
version = "0.1.0"

[[package]]
name = "range_set"
version = "0.1.0"

[[package]]
name = "serial"
version = "0.1.0"
dependencies = [
 "cpu",
 "lock_cell",
]

[[package]]
name = "syscall_interface"
version = "0.1.0"
