# This file is automatically @generated by Cargo.
# It is not intended for manual editing.
version = 3

[[package]]
name = "compiler_reqs"
version = "0.1.0"

[[package]]
name = "syscall_interface"
version = "0.1.0"

[[package]]
name = "userland"
version = "0.1.0"
dependencies = [
 "compiler_reqs",
 "syscall_interface",
]
